
Microsoft Visual Studio Solution File, Format Version 12.00
# Visual Studio Version 16
VisualStudioVersion = 16.0.29111.141
MinimumVisualStudioVersion = 10.0.40219.1
Project("{FAE04EC0-301F-11D3-BF4B-00C04F79EFBC}") = "CameraVideoRecord", "Aforge_Web_Cam\CameraVideoRecord.csproj", "{3764CDAE-08DC-401A-8E8B-D7E63453B4F4}"
EndProject
Global
	GlobalSection(SolutionConfigurationPlatforms) = preSolution
		Debug|Any CPU = Debug|Any CPU
		Release|Any CPU = Release|Any CPU
	EndGlobalSection
	GlobalSection(ProjectConfigurationPlatforms) = postSolution
		{3764CDAE-08DC-401A-8E8B-D7E63453B4F4}.Debug|Any CPU.ActiveCfg = Debug|Any CPU
		{3764CDAE-08DC-401A-8E8B-D7E63453B4F4}.Debug|Any CPU.Build.0 = Debug|Any CPU
		{3764CDAE-08DC-401A-8E8B-D7E63453B4F4}.Release|Any CPU.ActiveCfg = Release|Any CPU
		{3764CDAE-08DC-401A-8E8B-D7E63453B4F4}.Release|Any CPU.Build.0 = Release|Any CPU
	EndGlobalSection
	GlobalSection(SolutionProperties) = preSolution
		HideSolutionNode = FALSE
	EndGlobalSection
	GlobalSection(ExtensibilityGlobals) = postSolution
		SolutionGuid = {49C4CE0E-2375-4B7A-9A8F-4E7E29F79BF0}
	EndGlobalSection
EndGlobal
